
Microsoft Visual Studio Solution File, Format Version 12.00
Project("{FAE04EC0-301F-11D3-BF4B-00C04F79EFBC}") = "reddit_bot", "reddit_bot\reddit_bot.csproj", "{99CCCCF3-6391-45E7-8D07-C6EE79CAAA00}"
EndProject
Global
	GlobalSection(SolutionConfigurationPlatforms) = preSolution
		Debug|Any CPU = Debug|Any CPU
		Release|Any CPU = Release|Any CPU
	EndGlobalSection
	GlobalSection(ProjectConfigurationPlatforms) = postSolution
		{99CCCCF3-6391-45E7-8D07-C6EE79CAAA00}.Debug|Any CPU.ActiveCfg = Debug|Any CPU
		{99CCCCF3-6391-45E7-8D07-C6EE79CAAA00}.Debug|Any CPU.Build.0 = Debug|Any CPU
		{99CCCCF3-6391-45E7-8D07-C6EE79CAAA00}.Release|Any CPU.ActiveCfg = Release|Any CPU
		{99CCCCF3-6391-45E7-8D07-C6EE79CAAA00}.Release|Any CPU.Build.0 = Release|Any CPU
	EndGlobalSection
EndGlobal
